
Microsoft Visual Studio Solution File, Format Version 12.00
# Visual Studio Version 17
VisualStudioVersion = 17.0.31717.71
MinimumVisualStudioVersion = 10.0.40219.1
Project("{2150E333-8FDC-42A3-9474-1A3956D46DE8}") = "Servers", "Servers", "{6B4A0124-87FB-446A-9FE1-4E6FDB26B1CC}"
EndProject
Project("{2150E333-8FDC-42A3-9474-1A3956D46DE8}") = "Applications", "Applications", "{0C3D4786-2E7E-4FAB-B0F1-4E919525C739}"
EndProject
Project("{9A19103F-16F7-4668-BE54-9A1E7A4F7556}") = "ListFiles", "ListFiles\ListFiles.csproj", "{BD54EB98-408C-48C5-829C-E87A70B30E71}"
EndProject
Project("{2150E333-8FDC-42A3-9474-1A3956D46DE8}") = "Libraries", "Libraries", "{8540E45A-FEBD-46E4-8FFD-D6BEA3A87649}"
EndProject
Project("{9A19103F-16F7-4668-BE54-9A1E7A4F7556}") = "Core", "Core\Core.csproj", "{2B0F328A-43EB-4BEA-80EB-4144C8FE1558}"
EndProject
Project("{2150E333-8FDC-42A3-9474-1A3956D46DE8}") = "Kernel", "Kernel", "{FC82B851-89DD-4BDA-89E8-E1D10A8724D1}"
EndProject
Project("{9A19103F-16F7-4668-BE54-9A1E7A4F7556}") = "VFSServer", "VFSServer\VFSServer.csproj", "{33C0C6C0-16E0-4555-B4B8-2B39C46810BA}"
EndProject
Project("{9A19103F-16F7-4668-BE54-9A1E7A4F7556}") = "VFS", "VFS\VFS.csproj", "{06E41D1A-295E-4FEB-87C1-5A2F61DA501F}"
EndProject
Project("{9A19103F-16F7-4668-BE54-9A1E7A4F7556}") = "DebugHost", "DebugHost\DebugHost.csproj", "{B2DF39B3-6607-49D8-83C4-BCDB0AC1F0D6}"
EndProject
Project("{9A19103F-16F7-4668-BE54-9A1E7A4F7556}") = "Storm", "Storm\Storm.csproj", "{5D0A5824-A157-4E67-B5B2-0F3976E62FBC}"
EndProject
Project("{2150E333-8FDC-42A3-9474-1A3956D46DE8}") = "Misc", "Misc", "{617E92F6-4F52-4DF0-805B-5B6742EEB765}"
EndProject
Project("{9A19103F-16F7-4668-BE54-9A1E7A4F7556}") = "IDLCompiler", "IDLCompiler\IDLCompiler.csproj", "{4043A028-AD37-4E73-B843-AF75CCDFB64F}"
EndProject
Global
	GlobalSection(SolutionConfigurationPlatforms) = preSolution
		Debug|Any CPU = Debug|Any CPU
		Release|Any CPU = Release|Any CPU
	EndGlobalSection
	GlobalSection(ProjectConfigurationPlatforms) = postSolution
		{BD54EB98-408C-48C5-829C-E87A70B30E71}.Debug|Any CPU.ActiveCfg = Debug|Any CPU
		{BD54EB98-408C-48C5-829C-E87A70B30E71}.Debug|Any CPU.Build.0 = Debug|Any CPU
		{BD54EB98-408C-48C5-829C-E87A70B30E71}.Release|Any CPU.ActiveCfg = Release|Any CPU
		{BD54EB98-408C-48C5-829C-E87A70B30E71}.Release|Any CPU.Build.0 = Release|Any CPU
		{2B0F328A-43EB-4BEA-80EB-4144C8FE1558}.Debug|Any CPU.ActiveCfg = Debug|Any CPU
		{2B0F328A-43EB-4BEA-80EB-4144C8FE1558}.Debug|Any CPU.Build.0 = Debug|Any CPU
		{2B0F328A-43EB-4BEA-80EB-4144C8FE1558}.Release|Any CPU.ActiveCfg = Release|Any CPU
		{2B0F328A-43EB-4BEA-80EB-4144C8FE1558}.Release|Any CPU.Build.0 = Release|Any CPU
		{33C0C6C0-16E0-4555-B4B8-2B39C46810BA}.Debug|Any CPU.ActiveCfg = Debug|Any CPU
		{33C0C6C0-16E0-4555-B4B8-2B39C46810BA}.Debug|Any CPU.Build.0 = Debug|Any CPU
		{33C0C6C0-16E0-4555-B4B8-2B39C46810BA}.Release|Any CPU.ActiveCfg = Release|Any CPU
		{33C0C6C0-16E0-4555-B4B8-2B39C46810BA}.Release|Any CPU.Build.0 = Release|Any CPU
		{06E41D1A-295E-4FEB-87C1-5A2F61DA501F}.Debug|Any CPU.ActiveCfg = Debug|Any CPU
		{06E41D1A-295E-4FEB-87C1-5A2F61DA501F}.Debug|Any CPU.Build.0 = Debug|Any CPU
		{06E41D1A-295E-4FEB-87C1-5A2F61DA501F}.Release|Any CPU.ActiveCfg = Release|Any CPU
		{06E41D1A-295E-4FEB-87C1-5A2F61DA501F}.Release|Any CPU.Build.0 = Release|Any CPU
		{B2DF39B3-6607-49D8-83C4-BCDB0AC1F0D6}.Debug|Any CPU.ActiveCfg = Debug|Any CPU
		{B2DF39B3-6607-49D8-83C4-BCDB0AC1F0D6}.Debug|Any CPU.Build.0 = Debug|Any CPU
		{B2DF39B3-6607-49D8-83C4-BCDB0AC1F0D6}.Release|Any CPU.ActiveCfg = Release|Any CPU
		{B2DF39B3-6607-49D8-83C4-BCDB0AC1F0D6}.Release|Any CPU.Build.0 = Release|Any CPU
		{5D0A5824-A157-4E67-B5B2-0F3976E62FBC}.Debug|Any CPU.ActiveCfg = Debug|Any CPU
		{5D0A5824-A157-4E67-B5B2-0F3976E62FBC}.Debug|Any CPU.Build.0 = Debug|Any CPU
		{5D0A5824-A157-4E67-B5B2-0F3976E62FBC}.Release|Any CPU.ActiveCfg = Release|Any CPU
		{5D0A5824-A157-4E67-B5B2-0F3976E62FBC}.Release|Any CPU.Build.0 = Release|Any CPU
		{4043A028-AD37-4E73-B843-AF75CCDFB64F}.Debug|Any CPU.ActiveCfg = Debug|Any CPU
		{4043A028-AD37-4E73-B843-AF75CCDFB64F}.Debug|Any CPU.Build.0 = Debug|Any CPU
		{4043A028-AD37-4E73-B843-AF75CCDFB64F}.Release|Any CPU.ActiveCfg = Release|Any CPU
		{4043A028-AD37-4E73-B843-AF75CCDFB64F}.Release|Any CPU.Build.0 = Release|Any CPU
	EndGlobalSection
	GlobalSection(SolutionProperties) = preSolution
		HideSolutionNode = FALSE
	EndGlobalSection
	GlobalSection(NestedProjects) = preSolution
		{BD54EB98-408C-48C5-829C-E87A70B30E71} = {0C3D4786-2E7E-4FAB-B0F1-4E919525C739}
		{2B0F328A-43EB-4BEA-80EB-4144C8FE1558} = {8540E45A-FEBD-46E4-8FFD-D6BEA3A87649}
		{33C0C6C0-16E0-4555-B4B8-2B39C46810BA} = {6B4A0124-87FB-446A-9FE1-4E6FDB26B1CC}
		{06E41D1A-295E-4FEB-87C1-5A2F61DA501F} = {8540E45A-FEBD-46E4-8FFD-D6BEA3A87649}
		{B2DF39B3-6607-49D8-83C4-BCDB0AC1F0D6} = {617E92F6-4F52-4DF0-805B-5B6742EEB765}
		{5D0A5824-A157-4E67-B5B2-0F3976E62FBC} = {FC82B851-89DD-4BDA-89E8-E1D10A8724D1}
		{4043A028-AD37-4E73-B843-AF75CCDFB64F} = {617E92F6-4F52-4DF0-805B-5B6742EEB765}
	EndGlobalSection
	GlobalSection(ExtensibilityGlobals) = postSolution
		SolutionGuid = {09FF3570-1CCF-44FB-B072-1961777F2C00}
	EndGlobalSection
EndGlobal
