
Microsoft Visual Studio Solution File, Format Version 12.00
# Visual Studio Version 17
VisualStudioVersion = 17.0.31717.71
MinimumVisualStudioVersion = 10.0.40219.1
Project("{9A19103F-16F7-4668-BE54-9A1E7A4F7556}") = "Storm", "Storm\Storm\Storm.csproj", "{DA02C805-9C9C-4DB2-839A-F4530E0D9421}"
EndProject
Project("{9A19103F-16F7-4668-BE54-9A1E7A4F7556}") = "Core", "Storm\Core\Core.csproj", "{9783D1E2-EE31-48F0-95F1-C9F4A2267543}"
EndProject
Project("{9A19103F-16F7-4668-BE54-9A1E7A4F7556}") = "StormHost", "Storm\StormHost\StormHost.csproj", "{F30C5A78-E333-403E-833B-0C5814A63ED0}"
EndProject
Global
	GlobalSection(SolutionConfigurationPlatforms) = preSolution
		Debug|Any CPU = Debug|Any CPU
		Release|Any CPU = Release|Any CPU
	EndGlobalSection
	GlobalSection(ProjectConfigurationPlatforms) = postSolution
		{DA02C805-9C9C-4DB2-839A-F4530E0D9421}.Debug|Any CPU.ActiveCfg = Debug|Any CPU
		{DA02C805-9C9C-4DB2-839A-F4530E0D9421}.Debug|Any CPU.Build.0 = Debug|Any CPU
		{DA02C805-9C9C-4DB2-839A-F4530E0D9421}.Release|Any CPU.ActiveCfg = Release|Any CPU
		{DA02C805-9C9C-4DB2-839A-F4530E0D9421}.Release|Any CPU.Build.0 = Release|Any CPU
		{9783D1E2-EE31-48F0-95F1-C9F4A2267543}.Debug|Any CPU.ActiveCfg = Debug|Any CPU
		{9783D1E2-EE31-48F0-95F1-C9F4A2267543}.Debug|Any CPU.Build.0 = Debug|Any CPU
		{9783D1E2-EE31-48F0-95F1-C9F4A2267543}.Release|Any CPU.ActiveCfg = Release|Any CPU
		{9783D1E2-EE31-48F0-95F1-C9F4A2267543}.Release|Any CPU.Build.0 = Release|Any CPU
		{F30C5A78-E333-403E-833B-0C5814A63ED0}.Debug|Any CPU.ActiveCfg = Debug|Any CPU
		{F30C5A78-E333-403E-833B-0C5814A63ED0}.Debug|Any CPU.Build.0 = Debug|Any CPU
		{F30C5A78-E333-403E-833B-0C5814A63ED0}.Release|Any CPU.ActiveCfg = Release|Any CPU
		{F30C5A78-E333-403E-833B-0C5814A63ED0}.Release|Any CPU.Build.0 = Release|Any CPU
	EndGlobalSection
	GlobalSection(SolutionProperties) = preSolution
		HideSolutionNode = FALSE
	EndGlobalSection
	GlobalSection(ExtensibilityGlobals) = postSolution
		SolutionGuid = {09FF3570-1CCF-44FB-B072-1961777F2C00}
	EndGlobalSection
EndGlobal
